// !$*UTF8*$!
{
	archiveVersion = 1;
	classes = {
	};
	objectVersion = 77;
	objects = {

/* Begin PBXContainerItemProxy section */
		CEE2431B2DA6184100A093A1 /* PBXContainerItemProxy */ = {
			isa = PBXContainerItemProxy;
			containerPortal = CEE243012DA6184000A093A1 /* Project object */;
			proxyType = 1;
			remoteGlobalIDString = CEE243082DA6184000A093A1;
			remoteInfo = CryptoPrice;
		};
		CEE243252DA6184100A093A1 /* PBXContainerItemProxy */ = {
			isa = PBXContainerItemProxy;
			containerPortal = CEE243012DA6184000A093A1 /* Project object */;
			proxyType = 1;
			remoteGlobalIDString = CEE243082DA6184000A093A1;
			remoteInfo = CryptoPrice;
		};
/* End PBXContainerItemProxy section */

/* Begin PBXFileReference section */
		CEE243092DA6184000A093A1 /* CryptoPrice.app */ = {isa = PBXFileReference; explicitFileType = wrapper.application; includeInIndex = 0; path = CryptoPrice.app; sourceTree = BUILT_PRODUCTS_DIR; };
		CEE2431A2DA6184100A093A1 /* CryptoPriceTests.xctest */ = {isa = PBXFileReference; explicitFileType = wrapper.cfbundle; includeInIndex = 0; path = CryptoPriceTests.xctest; sourceTree = BUILT_PRODUCTS_DIR; };
		CEE243242DA6184100A093A1 /* CryptoPriceUITests.xctest */ = {isa = PBXFileReference; explicitFileType = wrapper.cfbundle; includeInIndex = 0; path = CryptoPriceUITests.xctest; sourceTree = BUILT_PRODUCTS_DIR; };
/* End PBXFileReference section */

/* Begin PBXFileSystemSynchronizedRootGroup section */
		CEE2430B2DA6184000A093A1 /* CryptoPrice */ = {
			isa = PBXFileSystemSynchronizedRootGroup;
			path = CryptoPrice;
			sourceTree = "<group>";
		};
		CEE2431D2DA6184100A093A1 /* CryptoPriceTests */ = {
			isa = PBXFileSystemSynchronizedRootGroup;
			path = CryptoPriceTests;
			sourceTree = "<group>";
		};
		CEE243272DA6184100A093A1 /* CryptoPriceUITests */ = {
			isa = PBXFileSystemSynchronizedRootGroup;
			path = CryptoPriceUITests;
			sourceTree = "<group>";
		};
/* End PBXFileSystemSynchronizedRootGroup section */

/* Begin PBXFrameworksBuildPhase section */
		CEE243062DA6184000A093A1 /* Frameworks */ = {
			isa = PBXFrameworksBuildPhase;
			buildActionMask = 2147483647;
			files = (
			);
			runOnlyForDeploymentPostprocessing = 0;
		};
		CEE243172DA6184100A093A1 /* Frameworks */ = {
			isa = PBXFrameworksBuildPhase;
			buildActionMask = 2147483647;
			files = (
			);
			runOnlyForDeploymentPostprocessing = 0;
		};
		CEE243212DA6184100A093A1 /* Frameworks */ = {
			isa = PBXFrameworksBuildPhase;
			buildActionMask = 2147483647;
			files = (
			);
			runOnlyForDeploymentPostprocessing = 0;
		};
/* End PBXFrameworksBuildPhase section */

/* Begin PBXGroup section */
		CEE243002DA6184000A093A1 = {
			isa = PBXGroup;
			children = (
				CEE2430B2DA6184000A093A1 /* CryptoPrice */,
				CEE2431D2DA6184100A093A1 /* CryptoPriceTests */,
				CEE243272DA6184100A093A1 /* CryptoPriceUITests */,
				CEE2430A2DA6184000A093A1 /* Products */,
			);
			sourceTree = "<group>";
		};
		CEE2430A2DA6184000A093A1 /* Products */ = {
			isa = PBXGroup;
			children = (
				CEE243092DA6184000A093A1 /* CryptoPrice.app */,
				CEE2431A2DA6184100A093A1 /* CryptoPriceTests.xctest */,
				CEE243242DA6184100A093A1 /* CryptoPriceUITests.xctest */,
			);
			name = Products;
			sourceTree = "<group>";
		};
/* End PBXGroup section */

/* Begin PBXNativeTarget section */
		CEE243082DA6184000A093A1 /* CryptoPrice */ = {
			isa = PBXNativeTarget;
			buildConfigurationList = CEE2432E2DA6184100A093A1 /* Build configuration list for PBXNativeTarget "CryptoPrice" */;
			buildPhases = (
				CEE243052DA6184000A093A1 /* Sources */,
				CEE243062DA6184000A093A1 /* Frameworks */,
				CEE243072DA6184000A093A1 /* Resources */,
			);
			buildRules = (
			);
			dependencies = (
			);
			fileSystemSynchronizedGroups = (
				CEE2430B2DA6184000A093A1 /* CryptoPrice */,
			);
			name = CryptoPrice;
			packageProductDependencies = (
			);
			productName = CryptoPrice;
			productReference = CEE243092DA6184000A093A1 /* CryptoPrice.app */;
			productType = "com.apple.product-type.application";
		};
		CEE243192DA6184100A093A1 /* CryptoPriceTests */ = {
			isa = PBXNativeTarget;
			buildConfigurationList = CEE243312DA6184100A093A1 /* Build configuration list for PBXNativeTarget "CryptoPriceTests" */;
			buildPhases = (
				CEE243162DA6184100A093A1 /* Sources */,
				CEE243172DA6184100A093A1 /* Frameworks */,
				CEE243182DA6184100A093A1 /* Resources */,
			);
			buildRules = (
			);
			dependencies = (
				CEE2431C2DA6184100A093A1 /* PBXTargetDependency */,
			);
			fileSystemSynchronizedGroups = (
				CEE2431D2DA6184100A093A1 /* CryptoPriceTests */,
			);
			name = CryptoPriceTests;
			packageProductDependencies = (
			);
			productName = CryptoPriceTests;
			productReference = CEE2431A2DA6184100A093A1 /* CryptoPriceTests.xctest */;
			productType = "com.apple.product-type.bundle.unit-test";
		};
		CEE243232DA6184100A093A1 /* CryptoPriceUITests */ = {
			isa = PBXNativeTarget;
			buildConfigurationList = CEE243342DA6184100A093A1 /* Build configuration list for PBXNativeTarget "CryptoPriceUITests" */;
			buildPhases = (
				CEE243202DA6184100A093A1 /* Sources */,
				CEE243212DA6184100A093A1 /* Frameworks */,
				CEE243222DA6184100A093A1 /* Resources */,
			);
			buildRules = (
			);
			dependencies = (
				CEE243262DA6184100A093A1 /* PBXTargetDependency */,
			);
			fileSystemSynchronizedGroups = (
				CEE243272DA6184100A093A1 /* CryptoPriceUITests */,
			);
			name = CryptoPriceUITests;
			packageProductDependencies = (
			);
			productName = CryptoPriceUITests;
			productReference = CEE243242DA6184100A093A1 /* CryptoPriceUITests.xctest */;
			productType = "com.apple.product-type.bundle.ui-testing";
		};
/* End PBXNativeTarget section */

/* Begin PBXProject section */
		CEE243012DA6184000A093A1 /* Project object */ = {
			isa = PBXProject;
			attributes = {
				BuildIndependentTargetsInParallel = 1;
				LastSwiftUpdateCheck = 1630;
				LastUpgradeCheck = 1630;
				TargetAttributes = {
					CEE243082DA6184000A093A1 = {
						CreatedOnToolsVersion = 16.3;
					};
					CEE243192DA6184100A093A1 = {
						CreatedOnToolsVersion = 16.3;
						TestTargetID = CEE243082DA6184000A093A1;
					};
					CEE243232DA6184100A093A1 = {
						CreatedOnToolsVersion = 16.3;
						TestTargetID = CEE243082DA6184000A093A1;
					};
				};
			};
			buildConfigurationList = CEE243042DA6184000A093A1 /* Build configuration list for PBXProject "CryptoPrice" */;
			developmentRegion = en;
			hasScannedForEncodings = 0;
			knownRegions = (
				en,
				Base,
			);
			mainGroup = CEE243002DA6184000A093A1;
			minimizedProjectReferenceProxies = 1;
			preferredProjectObjectVersion = 77;
			productRefGroup = CEE2430A2DA6184000A093A1 /* Products */;
			projectDirPath = "";
			projectRoot = "";
			targets = (
				CEE243082DA6184000A093A1 /* CryptoPrice */,
				CEE243192DA6184100A093A1 /* CryptoPriceTests */,
				CEE243232DA6184100A093A1 /* CryptoPriceUITests */,
			);
		};
/* End PBXProject section */

/* Begin PBXResourcesBuildPhase section */
		CEE243072DA6184000A093A1 /* Resources */ = {
			isa = PBXResourcesBuildPhase;
			buildActionMask = 2147483647;
			files = (
			);
			runOnlyForDeploymentPostprocessing = 0;
		};
		CEE243182DA6184100A093A1 /* Resources */ = {
			isa = PBXResourcesBuildPhase;
			buildActionMask = 2147483647;
			files = (
			);
			runOnlyForDeploymentPostprocessing = 0;
		};
		CEE243222DA6184100A093A1 /* Resources */ = {
			isa = PBXResourcesBuildPhase;
			buildActionMask = 2147483647;
			files = (
			);
			runOnlyForDeploymentPostprocessing = 0;
		};
/* End PBXResourcesBuildPhase section */

/* Begin PBXSourcesBuildPhase section */
		CEE243052DA6184000A093A1 /* Sources */ = {
			isa = PBXSourcesBuildPhase;
			buildActionMask = 2147483647;
			files = (
			);
			runOnlyForDeploymentPostprocessing = 0;
		};
		CEE243162DA6184100A093A1 /* Sources */ = {
			isa = PBXSourcesBuildPhase;
			buildActionMask = 2147483647;
			files = (
			);
			runOnlyForDeploymentPostprocessing = 0;
		};
		CEE243202DA6184100A093A1 /* Sources */ = {
			isa = PBXSourcesBuildPhase;
			buildActionMask = 2147483647;
			files = (
			);
			runOnlyForDeploymentPostprocessing = 0;
		};
/* End PBXSourcesBuildPhase section */

/* Begin PBXTargetDependency section */
		CEE2431C2DA6184100A093A1 /* PBXTargetDependency */ = {
			isa = PBXTargetDependency;
			target = CEE243082DA6184000A093A1 /* CryptoPrice */;
			targetProxy = CEE2431B2DA6184100A093A1 /* PBXContainerItemProxy */;
		};
		CEE243262DA6184100A093A1 /* PBXTargetDependency */ = {
			isa = PBXTargetDependency;
			target = CEE243082DA6184000A093A1 /* CryptoPrice */;
			targetProxy = CEE243252DA6184100A093A1 /* PBXContainerItemProxy */;
		};
/* End PBXTargetDependency section */

/* Begin XCBuildConfiguration section */
		CEE2432C2DA6184100A093A1 /* Debug */ = {
			isa = XCBuildConfiguration;
			buildSettings = {
				ALWAYS_SEARCH_USER_PATHS = NO;
				ASSETCATALOG_COMPILER_GENERATE_SWIFT_ASSET_SYMBOL_EXTENSIONS = YES;
				CLANG_ANALYZER_NONNULL = YES;
				CLANG_ANALYZER_NUMBER_OBJECT_CONVERSION = YES_AGGRESSIVE;
				CLANG_CXX_LANGUAGE_STANDARD = "gnu++20";
				CLANG_ENABLE_MODULES = YES;
				CLANG_ENABLE_OBJC_ARC = YES;
				CLANG_ENABLE_OBJC_WEAK = YES;
				CLANG_WARN_BLOCK_CAPTURE_AUTORELEASING = YES;
				CLANG_WARN_BOOL_CONVERSION = YES;
				CLANG_WARN_COMMA = YES;
				CLANG_WARN_CONSTANT_CONVERSION = YES;
				CLANG_WARN_DEPRECATED_OBJC_IMPLEMENTATIONS = YES;
				CLANG_WARN_DIRECT_OBJC_ISA_USAGE = YES_ERROR;
				CLANG_WARN_DOCUMENTATION_COMMENTS = YES;
				CLANG_WARN_EMPTY_BODY = YES;
				CLANG_WARN_ENUM_CONVERSION = YES;
				CLANG_WARN_INFINITE_RECURSION = YES;
				CLANG_WARN_INT_CONVERSION = YES;
				CLANG_WARN_NON_LITERAL_NULL_CONVERSION = YES;
				CLANG_WARN_OBJC_IMPLICIT_RETAIN_SELF = YES;
				CLANG_WARN_OBJC_LITERAL_CONVERSION = YES;
				CLANG_WARN_OBJC_ROOT_CLASS = YES_ERROR;
				CLANG_WARN_QUOTED_INCLUDE_IN_FRAMEWORK_HEADER = YES;
				CLANG_WARN_RANGE_LOOP_ANALYSIS = YES;
				CLANG_WARN_STRICT_PROTOTYPES = YES;
				CLANG_WARN_SUSPICIOUS_MOVE = YES;
				CLANG_WARN_UNGUARDED_AVAILABILITY = YES_AGGRESSIVE;
				CLANG_WARN_UNREACHABLE_CODE = YES;
				CLANG_WARN__DUPLICATE_METHOD_MATCH = YES;
				COPY_PHASE_STRIP = NO;
				DEBUG_INFORMATION_FORMAT = dwarf;
				ENABLE_STRICT_OBJC_MSGSEND = YES;
				ENABLE_TESTABILITY = YES;
				ENABLE_USER_SCRIPT_SANDBOXING = YES;
				GCC_C_LANGUAGE_STANDARD = gnu17;
				GCC_DYNAMIC_NO_PIC = NO;
				GCC_NO_COMMON_BLOCKS = YES;
				GCC_OPTIMIZATION_LEVEL = 0;
				GCC_PREPROCESSOR_DEFINITIONS = (
					"DEBUG=1",
					"$(inherited)",
				);
				GCC_WARN_64_TO_32_BIT_CONVERSION = YES;
				GCC_WARN_ABOUT_RETURN_TYPE = YES_ERROR;
				GCC_WARN_UNDECLARED_SELECTOR = YES;
				GCC_WARN_UNINITIALIZED_AUTOS = YES_AGGRESSIVE;
				GCC_WARN_UNUSED_FUNCTION = YES;
				GCC_WARN_UNUSED_VARIABLE = YES;
				LOCALIZATION_PREFERS_STRING_CATALOGS = YES;
				MACOSX_DEPLOYMENT_TARGET = 15.3;
				MTL_ENABLE_DEBUG_INFO = INCLUDE_SOURCE;
				MTL_FAST_MATH = YES;
				ONLY_ACTIVE_ARCH = YES;
				SDKROOT = macosx;
				SWIFT_ACTIVE_COMPILATION_CONDITIONS = "DEBUG $(inherited)";
				SWIFT_OPTIMIZATION_LEVEL = "-Onone";
			};
			name = Debug;
		};
		CEE2432D2DA6184100A093A1 /* Release */ = {
			isa = XCBuildConfiguration;
			buildSettings = {
				ALWAYS_SEARCH_USER_PATHS = NO;
				ASSETCATALOG_COMPILER_GENERATE_SWIFT_ASSET_SYMBOL_EXTENSIONS = YES;
				CLANG_ANALYZER_NONNULL = YES;
				CLANG_ANALYZER_NUMBER_OBJECT_CONVERSION = YES_AGGRESSIVE;
				CLANG_CXX_LANGUAGE_STANDARD = "gnu++20";
				CLANG_ENABLE_MODULES = YES;
				CLANG_ENABLE_OBJC_ARC = YES;
				CLANG_ENABLE_OBJC_WEAK = YES;
				CLANG_WARN_BLOCK_CAPTURE_AUTORELEASING = YES;
				CLANG_WARN_BOOL_CONVERSION = YES;
				CLANG_WARN_COMMA = YES;
				CLANG_WARN_CONSTANT_CONVERSION = YES;
				CLANG_WARN_DEPRECATED_OBJC_IMPLEMENTATIONS = YES;
				CLANG_WARN_DIRECT_OBJC_ISA_USAGE = YES_ERROR;
				CLANG_WARN_DOCUMENTATION_COMMENTS = YES;
				CLANG_WARN_EMPTY_BODY = YES;
				CLANG_WARN_ENUM_CONVERSION = YES;
				CLANG_WARN_INFINITE_RECURSION = YES;
				CLANG_WARN_INT_CONVERSION = YES;
				CLANG_WARN_NON_LITERAL_NULL_CONVERSION = YES;
				CLANG_WARN_OBJC_IMPLICIT_RETAIN_SELF = YES;
				CLANG_WARN_OBJC_LITERAL_CONVERSION = YES;
				CLANG_WARN_OBJC_ROOT_CLASS = YES_ERROR;
				CLANG_WARN_QUOTED_INCLUDE_IN_FRAMEWORK_HEADER = YES;
				CLANG_WARN_RANGE_LOOP_ANALYSIS = YES;
				CLANG_WARN_STRICT_PROTOTYPES = YES;
				CLANG_WARN_SUSPICIOUS_MOVE = YES;
				CLANG_WARN_UNGUARDED_AVAILABILITY = YES_AGGRESSIVE;
				CLANG_WARN_UNREACHABLE_CODE = YES;
				CLANG_WARN__DUPLICATE_METHOD_MATCH = YES;
				COPY_PHASE_STRIP = NO;
				DEBUG_INFORMATION_FORMAT = "dwarf-with-dsym";
				ENABLE_NS_ASSERTIONS = NO;
				ENABLE_STRICT_OBJC_MSGSEND = YES;
				ENABLE_USER_SCRIPT_SANDBOXING = YES;
				GCC_C_LANGUAGE_STANDARD = gnu17;
				GCC_NO_COMMON_BLOCKS = YES;
				GCC_WARN_64_TO_32_BIT_CONVERSION = YES;
				GCC_WARN_ABOUT_RETURN_TYPE = YES_ERROR;
				GCC_WARN_UNDECLARED_SELECTOR = YES;
				GCC_WARN_UNINITIALIZED_AUTOS = YES_AGGRESSIVE;
				GCC_WARN_UNUSED_FUNCTION = YES;
				GCC_WARN_UNUSED_VARIABLE = YES;
				LOCALIZATION_PREFERS_STRING_CATALOGS = YES;
				MACOSX_DEPLOYMENT_TARGET = 15.3;
				MTL_ENABLE_DEBUG_INFO = NO;
				MTL_FAST_MATH = YES;
				SDKROOT = macosx;
				SWIFT_COMPILATION_MODE = wholemodule;
			};
			name = Release;
		};
		CEE2432F2DA6184100A093A1 /* Debug */ = {
			isa = XCBuildConfiguration;
			buildSettings = {
				ASSETCATALOG_COMPILER_APPICON_NAME = AppIcon;
				ASSETCATALOG_COMPILER_GLOBAL_ACCENT_COLOR_NAME = AccentColor;
				CODE_SIGN_ENTITLEMENTS = CryptoPrice/CryptoPrice.entitlements;
				CODE_SIGN_STYLE = Automatic;
				COMBINE_HIDPI_IMAGES = YES;
				CURRENT_PROJECT_VERSION = 1;
				GENERATE_INFOPLIST_FILE = YES;
				INFOPLIST_KEY_NSHumanReadableCopyright = "";
				INFOPLIST_KEY_NSMainStoryboardFile = Main;
				INFOPLIST_KEY_NSPrincipalClass = NSApplication;
				LD_RUNPATH_SEARCH_PATHS = (
					"$(inherited)",
					"@executable_path/../Frameworks",
				);
				MARKETING_VERSION = 1.0;
				PRODUCT_BUNDLE_IDENTIFIER = bing.CryptoPrice;
				PRODUCT_NAME = "$(TARGET_NAME)";
				REGISTER_APP_GROUPS = YES;
				SWIFT_EMIT_LOC_STRINGS = YES;
				SWIFT_VERSION = 5.0;
			};
			name = Debug;
		};
		CEE243302DA6184100A093A1 /* Release */ = {
			isa = XCBuildConfiguration;
			buildSettings = {
				ASSETCATALOG_COMPILER_APPICON_NAME = AppIcon;
				ASSETCATALOG_COMPILER_GLOBAL_ACCENT_COLOR_NAME = AccentColor;
				CODE_SIGN_ENTITLEMENTS = CryptoPrice/CryptoPrice.entitlements;
				CODE_SIGN_STYLE = Automatic;
				COMBINE_HIDPI_IMAGES = YES;
				CURRENT_PROJECT_VERSION = 1;
				GENERATE_INFOPLIST_FILE = YES;
				INFOPLIST_KEY_NSHumanReadableCopyright = "";
				INFOPLIST_KEY_NSMainStoryboardFile = Main;
				INFOPLIST_KEY_NSPrincipalClass = NSApplication;
				LD_RUNPATH_SEARCH_PATHS = (
					"$(inherited)",
					"@executable_path/../Frameworks",
				);
				MARKETING_VERSION = 1.0;
				PRODUCT_BUNDLE_IDENTIFIER = bing.CryptoPrice;
				PRODUCT_NAME = "$(TARGET_NAME)";
				REGISTER_APP_GROUPS = YES;
				SWIFT_EMIT_LOC_STRINGS = YES;
				SWIFT_VERSION = 5.0;
			};
			name = Release;
		};
		CEE243322DA6184100A093A1 /* Debug */ = {
			isa = XCBuildConfiguration;
			buildSettings = {
				BUNDLE_LOADER = "$(TEST_HOST)";
				CODE_SIGN_STYLE = Automatic;
				CURRENT_PROJECT_VERSION = 1;
				GENERATE_INFOPLIST_FILE = YES;
				MACOSX_DEPLOYMENT_TARGET = 15.3;
				MARKETING_VERSION = 1.0;
				PRODUCT_BUNDLE_IDENTIFIER = bing.CryptoPriceTests;
				PRODUCT_NAME = "$(TARGET_NAME)";
				SWIFT_EMIT_LOC_STRINGS = NO;
				SWIFT_VERSION = 5.0;
				TEST_HOST = "$(BUILT_PRODUCTS_DIR)/CryptoPrice.app/$(BUNDLE_EXECUTABLE_FOLDER_PATH)/CryptoPrice";
			};
			name = Debug;
		};
		CEE243332DA6184100A093A1 /* Release */ = {
			isa = XCBuildConfiguration;
			buildSettings = {
				BUNDLE_LOADER = "$(TEST_HOST)";
				CODE_SIGN_STYLE = Automatic;
				CURRENT_PROJECT_VERSION = 1;
				GENERATE_INFOPLIST_FILE = YES;
				MACOSX_DEPLOYMENT_TARGET = 15.3;
				MARKETING_VERSION = 1.0;
				PRODUCT_BUNDLE_IDENTIFIER = bing.CryptoPriceTests;
				PRODUCT_NAME = "$(TARGET_NAME)";
				SWIFT_EMIT_LOC_STRINGS = NO;
				SWIFT_VERSION = 5.0;
				TEST_HOST = "$(BUILT_PRODUCTS_DIR)/CryptoPrice.app/$(BUNDLE_EXECUTABLE_FOLDER_PATH)/CryptoPrice";
			};
			name = Release;
		};
		CEE243352DA6184100A093A1 /* Debug */ = {
			isa = XCBuildConfiguration;
			buildSettings = {
				CODE_SIGN_STYLE = Automatic;
				CURRENT_PROJECT_VERSION = 1;
				GENERATE_INFOPLIST_FILE = YES;
				MARKETING_VERSION = 1.0;
				PRODUCT_BUNDLE_IDENTIFIER = bing.CryptoPriceUITests;
				PRODUCT_NAME = "$(TARGET_NAME)";
				SWIFT_EMIT_LOC_STRINGS = NO;
				SWIFT_VERSION = 5.0;
				TEST_TARGET_NAME = CryptoPrice;
			};
			name = Debug;
		};
		CEE243362DA6184100A093A1 /* Release */ = {
			isa = XCBuildConfiguration;
			buildSettings = {
				CODE_SIGN_STYLE = Automatic;
				CURRENT_PROJECT_VERSION = 1;
				GENERATE_INFOPLIST_FILE = YES;
				MARKETING_VERSION = 1.0;
				PRODUCT_BUNDLE_IDENTIFIER = bing.CryptoPriceUITests;
				PRODUCT_NAME = "$(TARGET_NAME)";
				SWIFT_EMIT_LOC_STRINGS = NO;
				SWIFT_VERSION = 5.0;
				TEST_TARGET_NAME = CryptoPrice;
			};
			name = Release;
		};
/* End XCBuildConfiguration section */

/* Begin XCConfigurationList section */
		CEE243042DA6184000A093A1 /* Build configuration list for PBXProject "CryptoPrice" */ = {
			isa = XCConfigurationList;
			buildConfigurations = (
				CEE2432C2DA6184100A093A1 /* Debug */,
				CEE2432D2DA6184100A093A1 /* Release */,
			);
			defaultConfigurationIsVisible = 0;
			defaultConfigurationName = Release;
		};
		CEE2432E2DA6184100A093A1 /* Build configuration list for PBXNativeTarget "CryptoPrice" */ = {
			isa = XCConfigurationList;
			buildConfigurations = (
				CEE2432F2DA6184100A093A1 /* Debug */,
				CEE243302DA6184100A093A1 /* Release */,
			);
			defaultConfigurationIsVisible = 0;
			defaultConfigurationName = Release;
		};
		CEE243312DA6184100A093A1 /* Build configuration list for PBXNativeTarget "CryptoPriceTests" */ = {
			isa = XCConfigurationList;
			buildConfigurations = (
				CEE243322DA6184100A093A1 /* Debug */,
				CEE243332DA6184100A093A1 /* Release */,
			);
			defaultConfigurationIsVisible = 0;
			defaultConfigurationName = Release;
		};
		CEE243342DA6184100A093A1 /* Build configuration list for PBXNativeTarget "CryptoPriceUITests" */ = {
			isa = XCConfigurationList;
			buildConfigurations = (
				CEE243352DA6184100A093A1 /* Debug */,
				CEE243362DA6184100A093A1 /* Release */,
			);
			defaultConfigurationIsVisible = 0;
			defaultConfigurationName = Release;
		};
/* End XCConfigurationList section */
	};
	rootObject = CEE243012DA6184000A093A1 /* Project object */;
}
